
Microsoft Visual Studio Solution File, Format Version 12.00
# Visual Studio Version 17
VisualStudioVersion = 17.4.33103.184
MinimumVisualStudioVersion = 10.0.40219.1
Project("{9A19103F-16F7-4668-BE54-9A1E7A4F7556}") = "VCommerce.ProductApi", "VCommerce.ProductApi\VCommerce.ProductApi.csproj", "{B9E40D06-0162-4319-A16E-E82AF7E26F3D}"
EndProject
Project("{9A19103F-16F7-4668-BE54-9A1E7A4F7556}") = "VCommerce.Web", "VCommerce.Web\VCommerce.Web.csproj", "{88AB18C6-D10B-4224-8EB5-CB97E7EFA98E}"
EndProject
Project("{2150E333-8FDC-42A3-9474-1A3956D46DE8}") = "Frontend", "Frontend", "{4F1B9696-978E-44C6-914B-FD3456089EB8}"
EndProject
Project("{2150E333-8FDC-42A3-9474-1A3956D46DE8}") = "Backend", "Backend", "{0B91E920-CE28-4707-A496-1F8A31E5515B}"
EndProject
Project("{9A19103F-16F7-4668-BE54-9A1E7A4F7556}") = "VCommerce.IdentityServer", "VCommerce.IdentityServer\VCommerce.IdentityServer.csproj", "{1A4E7F01-5FDD-40E2-8C7D-5D7BEBEA1811}"
EndProject
Project("{FAE04EC0-301F-11D3-BF4B-00C04F79EFBC}") = "VCommerce.CartApi", "VCommerce.CartApi\VCommerce.CartApi.csproj", "{D950ABF1-1C2B-49E6-BDBD-D0002B75D399}"
EndProject
Global
	GlobalSection(SolutionConfigurationPlatforms) = preSolution
		Debug|Any CPU = Debug|Any CPU
		Release|Any CPU = Release|Any CPU
	EndGlobalSection
	GlobalSection(ProjectConfigurationPlatforms) = postSolution
		{B9E40D06-0162-4319-A16E-E82AF7E26F3D}.Debug|Any CPU.ActiveCfg = Debug|Any CPU
		{B9E40D06-0162-4319-A16E-E82AF7E26F3D}.Debug|Any CPU.Build.0 = Debug|Any CPU
		{B9E40D06-0162-4319-A16E-E82AF7E26F3D}.Release|Any CPU.ActiveCfg = Release|Any CPU
		{B9E40D06-0162-4319-A16E-E82AF7E26F3D}.Release|Any CPU.Build.0 = Release|Any CPU
		{88AB18C6-D10B-4224-8EB5-CB97E7EFA98E}.Debug|Any CPU.ActiveCfg = Debug|Any CPU
		{88AB18C6-D10B-4224-8EB5-CB97E7EFA98E}.Debug|Any CPU.Build.0 = Debug|Any CPU
		{88AB18C6-D10B-4224-8EB5-CB97E7EFA98E}.Release|Any CPU.ActiveCfg = Release|Any CPU
		{88AB18C6-D10B-4224-8EB5-CB97E7EFA98E}.Release|Any CPU.Build.0 = Release|Any CPU
		{1A4E7F01-5FDD-40E2-8C7D-5D7BEBEA1811}.Debug|Any CPU.ActiveCfg = Debug|Any CPU
		{1A4E7F01-5FDD-40E2-8C7D-5D7BEBEA1811}.Debug|Any CPU.Build.0 = Debug|Any CPU
		{1A4E7F01-5FDD-40E2-8C7D-5D7BEBEA1811}.Release|Any CPU.ActiveCfg = Release|Any CPU
		{1A4E7F01-5FDD-40E2-8C7D-5D7BEBEA1811}.Release|Any CPU.Build.0 = Release|Any CPU
		{D950ABF1-1C2B-49E6-BDBD-D0002B75D399}.Debug|Any CPU.ActiveCfg = Debug|Any CPU
		{D950ABF1-1C2B-49E6-BDBD-D0002B75D399}.Debug|Any CPU.Build.0 = Debug|Any CPU
		{D950ABF1-1C2B-49E6-BDBD-D0002B75D399}.Release|Any CPU.ActiveCfg = Release|Any CPU
		{D950ABF1-1C2B-49E6-BDBD-D0002B75D399}.Release|Any CPU.Build.0 = Release|Any CPU
	EndGlobalSection
	GlobalSection(SolutionProperties) = preSolution
		HideSolutionNode = FALSE
	EndGlobalSection
	GlobalSection(NestedProjects) = preSolution
		{B9E40D06-0162-4319-A16E-E82AF7E26F3D} = {0B91E920-CE28-4707-A496-1F8A31E5515B}
		{88AB18C6-D10B-4224-8EB5-CB97E7EFA98E} = {4F1B9696-978E-44C6-914B-FD3456089EB8}
		{1A4E7F01-5FDD-40E2-8C7D-5D7BEBEA1811} = {0B91E920-CE28-4707-A496-1F8A31E5515B}
		{D950ABF1-1C2B-49E6-BDBD-D0002B75D399} = {0B91E920-CE28-4707-A496-1F8A31E5515B}
	EndGlobalSection
	GlobalSection(ExtensibilityGlobals) = postSolution
		SolutionGuid = {CDFFD9A0-BAB0-4718-B879-B1A67011D2A6}
	EndGlobalSection
EndGlobal
